
Microsoft Visual Studio Solution File, Format Version 12.00
# Visual Studio Version 16
VisualStudioVersion = 16.0.29613.14
MinimumVisualStudioVersion = 10.0.40219.1
Project("{FAE04EC0-301F-11D3-BF4B-00C04F79EFBC}") = "TG", "TG\TG.csproj", "{93B9E975-DBD3-4D90-8195-A04FF798A0DA}"
EndProject
Project("{FAE04EC0-301F-11D3-BF4B-00C04F79EFBC}") = "PlayGround", "PlayGround\PlayGround.csproj", "{2D01C46C-ACAA-4BC2-A39F-5EA03C48C6AE}"
EndProject
Project("{FAE04EC0-301F-11D3-BF4B-00C04F79EFBC}") = "PlaygroundWForms", "PlaygroundWForms\PlaygroundWForms.csproj", "{567F4534-FBFC-4F98-99EC-1FE7CAA10596}"
EndProject
Project("{FAE04EC0-301F-11D3-BF4B-00C04F79EFBC}") = "RecipeDisplay", "RecipeDisplay\RecipeDisplay.csproj", "{1DA31C3C-4003-46E7-8955-0FE77674DB68}"
EndProject
Project("{FAE04EC0-301F-11D3-BF4B-00C04F79EFBC}") = "WpfApp1", "WpfApp1\WpfApp1.csproj", "{61DE6750-4A6D-4B58-84DF-CA1DCCA6C95A}"
EndProject
Project("{E24C65DC-7377-472B-9ABA-BC803B73C61A}") = "WCFServiceTest", "WCFServiceTest\", "{EBA30C3D-85A2-4487-A10C-7BAC8276045A}"
	ProjectSection(WebsiteProperties) = preProject
		TargetFrameworkMoniker = ".NETFramework,Version%3Dv4.7.2"
		Debug.AspNetCompiler.VirtualPath = "/localhost_59206"
		Debug.AspNetCompiler.PhysicalPath = "WCFServiceTest\"
		Debug.AspNetCompiler.TargetPath = "PrecompiledWeb\localhost_59206\"
		Debug.AspNetCompiler.Updateable = "true"
		Debug.AspNetCompiler.ForceOverwrite = "true"
		Debug.AspNetCompiler.FixedNames = "false"
		Debug.AspNetCompiler.Debug = "True"
		Release.AspNetCompiler.VirtualPath = "/localhost_59206"
		Release.AspNetCompiler.PhysicalPath = "WCFServiceTest\"
		Release.AspNetCompiler.TargetPath = "PrecompiledWeb\localhost_59206\"
		Release.AspNetCompiler.Updateable = "true"
		Release.AspNetCompiler.ForceOverwrite = "true"
		Release.AspNetCompiler.FixedNames = "false"
		Release.AspNetCompiler.Debug = "False"
		VWDPort = "59206"
		SlnRelativePath = "WCFServiceTest\"
		DefaultWebSiteLanguage = "Visual C#"
	EndProjectSection
EndProject
Project("{FAE04EC0-301F-11D3-BF4B-00C04F79EFBC}") = "TG.Core", "TG.Core\TG.Core.csproj", "{A9FED2C9-3871-4108-8F12-71213011DF26}"
EndProject
Project("{9A19103F-16F7-4668-BE54-9A1E7A4F7556}") = "TG.Web", "TG.Web\TG.Web.csproj", "{5E17D1D9-98B2-499B-AD2C-A746908271A6}"
EndProject
Global
	GlobalSection(SolutionConfigurationPlatforms) = preSolution
		Debug|Any CPU = Debug|Any CPU
		Release|Any CPU = Release|Any CPU
	EndGlobalSection
	GlobalSection(ProjectConfigurationPlatforms) = postSolution
		{93B9E975-DBD3-4D90-8195-A04FF798A0DA}.Debug|Any CPU.ActiveCfg = Debug|Any CPU
		{93B9E975-DBD3-4D90-8195-A04FF798A0DA}.Debug|Any CPU.Build.0 = Debug|Any CPU
		{93B9E975-DBD3-4D90-8195-A04FF798A0DA}.Release|Any CPU.ActiveCfg = Release|Any CPU
		{93B9E975-DBD3-4D90-8195-A04FF798A0DA}.Release|Any CPU.Build.0 = Release|Any CPU
		{2D01C46C-ACAA-4BC2-A39F-5EA03C48C6AE}.Debug|Any CPU.ActiveCfg = Debug|Any CPU
		{2D01C46C-ACAA-4BC2-A39F-5EA03C48C6AE}.Debug|Any CPU.Build.0 = Debug|Any CPU
		{2D01C46C-ACAA-4BC2-A39F-5EA03C48C6AE}.Release|Any CPU.ActiveCfg = Release|Any CPU
		{2D01C46C-ACAA-4BC2-A39F-5EA03C48C6AE}.Release|Any CPU.Build.0 = Release|Any CPU
		{567F4534-FBFC-4F98-99EC-1FE7CAA10596}.Debug|Any CPU.ActiveCfg = Debug|Any CPU
		{567F4534-FBFC-4F98-99EC-1FE7CAA10596}.Debug|Any CPU.Build.0 = Debug|Any CPU
		{567F4534-FBFC-4F98-99EC-1FE7CAA10596}.Release|Any CPU.ActiveCfg = Release|Any CPU
		{567F4534-FBFC-4F98-99EC-1FE7CAA10596}.Release|Any CPU.Build.0 = Release|Any CPU
		{1DA31C3C-4003-46E7-8955-0FE77674DB68}.Debug|Any CPU.ActiveCfg = Debug|Any CPU
		{1DA31C3C-4003-46E7-8955-0FE77674DB68}.Debug|Any CPU.Build.0 = Debug|Any CPU
		{1DA31C3C-4003-46E7-8955-0FE77674DB68}.Release|Any CPU.ActiveCfg = Release|Any CPU
		{1DA31C3C-4003-46E7-8955-0FE77674DB68}.Release|Any CPU.Build.0 = Release|Any CPU
		{61DE6750-4A6D-4B58-84DF-CA1DCCA6C95A}.Debug|Any CPU.ActiveCfg = Debug|Any CPU
		{61DE6750-4A6D-4B58-84DF-CA1DCCA6C95A}.Debug|Any CPU.Build.0 = Debug|Any CPU
		{61DE6750-4A6D-4B58-84DF-CA1DCCA6C95A}.Release|Any CPU.ActiveCfg = Release|Any CPU
		{61DE6750-4A6D-4B58-84DF-CA1DCCA6C95A}.Release|Any CPU.Build.0 = Release|Any CPU
		{EBA30C3D-85A2-4487-A10C-7BAC8276045A}.Debug|Any CPU.ActiveCfg = Debug|Any CPU
		{EBA30C3D-85A2-4487-A10C-7BAC8276045A}.Debug|Any CPU.Build.0 = Debug|Any CPU
		{EBA30C3D-85A2-4487-A10C-7BAC8276045A}.Release|Any CPU.ActiveCfg = Debug|Any CPU
		{EBA30C3D-85A2-4487-A10C-7BAC8276045A}.Release|Any CPU.Build.0 = Debug|Any CPU
		{A9FED2C9-3871-4108-8F12-71213011DF26}.Debug|Any CPU.ActiveCfg = Debug|Any CPU
		{A9FED2C9-3871-4108-8F12-71213011DF26}.Debug|Any CPU.Build.0 = Debug|Any CPU
		{A9FED2C9-3871-4108-8F12-71213011DF26}.Release|Any CPU.ActiveCfg = Release|Any CPU
		{A9FED2C9-3871-4108-8F12-71213011DF26}.Release|Any CPU.Build.0 = Release|Any CPU
		{5E17D1D9-98B2-499B-AD2C-A746908271A6}.Debug|Any CPU.ActiveCfg = Debug|Any CPU
		{5E17D1D9-98B2-499B-AD2C-A746908271A6}.Debug|Any CPU.Build.0 = Debug|Any CPU
		{5E17D1D9-98B2-499B-AD2C-A746908271A6}.Release|Any CPU.ActiveCfg = Release|Any CPU
		{5E17D1D9-98B2-499B-AD2C-A746908271A6}.Release|Any CPU.Build.0 = Release|Any CPU
	EndGlobalSection
	GlobalSection(SolutionProperties) = preSolution
		HideSolutionNode = FALSE
	EndGlobalSection
	GlobalSection(ExtensibilityGlobals) = postSolution
		SolutionGuid = {1780B472-A3B2-414A-833D-08DB9522A997}
	EndGlobalSection
EndGlobal
